
Microsoft Visual Studio Solution File, Format Version 12.00
# Visual Studio 14
VisualStudioVersion = 14.0.25420.1
MinimumVisualStudioVersion = 10.0.40219.1
Project("{2150E333-8FDC-42A3-9474-1A3956D46DE8}") = "src", "src", "{DC1ECD62-2E72-43A1-86FF-8DD873D389D8}"
EndProject
Project("{8BB2217D-0F2D-49D1-97BC-3654ED321F3B}") = "Experiment.Platform", "src\Experiment.Platform\Experiment.Platform.xproj", "{0265D362-9A8E-44AF-A749-829EBAAD4B37}"
EndProject
Project("{8BB2217D-0F2D-49D1-97BC-3654ED321F3B}") = "Experiment.Entity", "src\Experiment.Entity\Experiment.Entity.xproj", "{4EFAE506-D4FC-4A53-9F31-9F98E80B05BF}"
EndProject
Project("{8BB2217D-0F2D-49D1-97BC-3654ED321F3B}") = "Experiment.Cache", "src\Experiment.Cache\Experiment.Cache.xproj", "{88D1FB38-954A-40A5-9906-178A66BEE183}"
EndProject
Project("{8BB2217D-0F2D-49D1-97BC-3654ED321F3B}") = "Experiment.DataAccess", "src\Experiment.DataAccess\Experiment.DataAccess.xproj", "{16F4AAE9-48FC-4B6E-A128-DAF7E72FE17D}"
EndProject
Project("{8BB2217D-0F2D-49D1-97BC-3654ED321F3B}") = "Experiment.Service", "src\Experiment.Service\Experiment.Service.xproj", "{B2F3F46E-50D9-4AA7-BE33-BD53E4E0220C}"
EndProject
Project("{8BB2217D-0F2D-49D1-97BC-3654ED321F3B}") = "Experiment.WebCore", "src\Experiment.WebCore\Experiment.WebCore.xproj", "{670EB8D0-D890-4ED6-BAE4-DEA3BAFF6206}"
EndProject
Project("{8BB2217D-0F2D-49D1-97BC-3654ED321F3B}") = "Experiment.Restful", "src\Experiment.Restful\Experiment.Restful.xproj", "{B101201F-8638-4890-BDA0-AD2DD6366707}"
EndProject
Global
	GlobalSection(SolutionConfigurationPlatforms) = preSolution
		Debug|Any CPU = Debug|Any CPU
		Release|Any CPU = Release|Any CPU
	EndGlobalSection
	GlobalSection(ProjectConfigurationPlatforms) = postSolution
		{0265D362-9A8E-44AF-A749-829EBAAD4B37}.Debug|Any CPU.ActiveCfg = Debug|Any CPU
		{0265D362-9A8E-44AF-A749-829EBAAD4B37}.Debug|Any CPU.Build.0 = Debug|Any CPU
		{0265D362-9A8E-44AF-A749-829EBAAD4B37}.Release|Any CPU.ActiveCfg = Release|Any CPU
		{0265D362-9A8E-44AF-A749-829EBAAD4B37}.Release|Any CPU.Build.0 = Release|Any CPU
		{4EFAE506-D4FC-4A53-9F31-9F98E80B05BF}.Debug|Any CPU.ActiveCfg = Debug|Any CPU
		{4EFAE506-D4FC-4A53-9F31-9F98E80B05BF}.Debug|Any CPU.Build.0 = Debug|Any CPU
		{4EFAE506-D4FC-4A53-9F31-9F98E80B05BF}.Release|Any CPU.ActiveCfg = Release|Any CPU
		{4EFAE506-D4FC-4A53-9F31-9F98E80B05BF}.Release|Any CPU.Build.0 = Release|Any CPU
		{88D1FB38-954A-40A5-9906-178A66BEE183}.Debug|Any CPU.ActiveCfg = Debug|Any CPU
		{88D1FB38-954A-40A5-9906-178A66BEE183}.Debug|Any CPU.Build.0 = Debug|Any CPU
		{88D1FB38-954A-40A5-9906-178A66BEE183}.Release|Any CPU.ActiveCfg = Release|Any CPU
		{88D1FB38-954A-40A5-9906-178A66BEE183}.Release|Any CPU.Build.0 = Release|Any CPU
		{16F4AAE9-48FC-4B6E-A128-DAF7E72FE17D}.Debug|Any CPU.ActiveCfg = Debug|Any CPU
		{16F4AAE9-48FC-4B6E-A128-DAF7E72FE17D}.Debug|Any CPU.Build.0 = Debug|Any CPU
		{16F4AAE9-48FC-4B6E-A128-DAF7E72FE17D}.Release|Any CPU.ActiveCfg = Release|Any CPU
		{16F4AAE9-48FC-4B6E-A128-DAF7E72FE17D}.Release|Any CPU.Build.0 = Release|Any CPU
		{B2F3F46E-50D9-4AA7-BE33-BD53E4E0220C}.Debug|Any CPU.ActiveCfg = Debug|Any CPU
		{B2F3F46E-50D9-4AA7-BE33-BD53E4E0220C}.Debug|Any CPU.Build.0 = Debug|Any CPU
		{B2F3F46E-50D9-4AA7-BE33-BD53E4E0220C}.Release|Any CPU.ActiveCfg = Release|Any CPU
		{B2F3F46E-50D9-4AA7-BE33-BD53E4E0220C}.Release|Any CPU.Build.0 = Release|Any CPU
		{670EB8D0-D890-4ED6-BAE4-DEA3BAFF6206}.Debug|Any CPU.ActiveCfg = Debug|Any CPU
		{670EB8D0-D890-4ED6-BAE4-DEA3BAFF6206}.Debug|Any CPU.Build.0 = Debug|Any CPU
		{670EB8D0-D890-4ED6-BAE4-DEA3BAFF6206}.Release|Any CPU.ActiveCfg = Release|Any CPU
		{670EB8D0-D890-4ED6-BAE4-DEA3BAFF6206}.Release|Any CPU.Build.0 = Release|Any CPU
		{B101201F-8638-4890-BDA0-AD2DD6366707}.Debug|Any CPU.ActiveCfg = Debug|Any CPU
		{B101201F-8638-4890-BDA0-AD2DD6366707}.Debug|Any CPU.Build.0 = Debug|Any CPU
		{B101201F-8638-4890-BDA0-AD2DD6366707}.Release|Any CPU.ActiveCfg = Release|Any CPU
		{B101201F-8638-4890-BDA0-AD2DD6366707}.Release|Any CPU.Build.0 = Release|Any CPU
	EndGlobalSection
	GlobalSection(SolutionProperties) = preSolution
		HideSolutionNode = FALSE
	EndGlobalSection
	GlobalSection(NestedProjects) = preSolution
		{0265D362-9A8E-44AF-A749-829EBAAD4B37} = {DC1ECD62-2E72-43A1-86FF-8DD873D389D8}
		{4EFAE506-D4FC-4A53-9F31-9F98E80B05BF} = {DC1ECD62-2E72-43A1-86FF-8DD873D389D8}
		{88D1FB38-954A-40A5-9906-178A66BEE183} = {DC1ECD62-2E72-43A1-86FF-8DD873D389D8}
		{16F4AAE9-48FC-4B6E-A128-DAF7E72FE17D} = {DC1ECD62-2E72-43A1-86FF-8DD873D389D8}
		{B2F3F46E-50D9-4AA7-BE33-BD53E4E0220C} = {DC1ECD62-2E72-43A1-86FF-8DD873D389D8}
		{670EB8D0-D890-4ED6-BAE4-DEA3BAFF6206} = {DC1ECD62-2E72-43A1-86FF-8DD873D389D8}
		{B101201F-8638-4890-BDA0-AD2DD6366707} = {DC1ECD62-2E72-43A1-86FF-8DD873D389D8}
	EndGlobalSection
EndGlobal
